
Microsoft Visual Studio Solution File, Format Version 12.00
# Visual Studio Version 16
VisualStudioVersion = 16.0.30225.117
MinimumVisualStudioVersion = 10.0.40219.1
Project("{FAE04EC0-301F-11D3-BF4B-00C04F79EFBC}") = "RouletteApp", "RouletteApp.csproj", "{DB59E2D2-40D9-4A7F-89E8-3C4FB2B280BA}"
EndProject
Global
	GlobalSection(SolutionConfigurationPlatforms) = preSolution
		Debug|Any CPU = Debug|Any CPU
		Release|Any CPU = Release|Any CPU
	EndGlobalSection
	GlobalSection(ProjectConfigurationPlatforms) = postSolution
		{DB59E2D2-40D9-4A7F-89E8-3C4FB2B280BA}.Debug|Any CPU.ActiveCfg = Debug|Any CPU
		{DB59E2D2-40D9-4A7F-89E8-3C4FB2B280BA}.Debug|Any CPU.Build.0 = Debug|Any CPU
		{DB59E2D2-40D9-4A7F-89E8-3C4FB2B280BA}.Release|Any CPU.ActiveCfg = Release|Any CPU
		{DB59E2D2-40D9-4A7F-89E8-3C4FB2B280BA}.Release|Any CPU.Build.0 = Release|Any CPU
	EndGlobalSection
	GlobalSection(SolutionProperties) = preSolution
		HideSolutionNode = FALSE
	EndGlobalSection
	GlobalSection(ExtensibilityGlobals) = postSolution
		SolutionGuid = {755B31CD-6C6E-4B41-93F3-ECD0047D94C7}
	EndGlobalSection
EndGlobal
